<?xml version="1.0" encoding="utf-8"?>
<Project ToolsVersion="4.0" xmlns="http://schemas.microsoft.com/developer/msbuild/2003">
  <ItemGroup>
    <Filter Include="Source Files">
      <UniqueIdentifier>{4FC737F1-C7A5-4376-A066-2A32D752A2FF}</UniqueIdentifier>
      <Extensions>cpp;c;cc;cxx;c++;def;odl;idl;hpj;bat;asm;asmx</Extensions>
    </Filter>
    <Filter Include="data">
      <UniqueIdentifier>{71200bbd-7f1a-47be-a985-22f26102f489}</UniqueIdentifier>
    </Filter>
  </ItemGroup>
  <ItemGroup>
    <ClCompile Include="harness.cpp">
      <Filter>Source Files</Filter>
    </ClCompile>
    <ClCompile Include="main.cpp">
      <Filter>Source Files</Filter>
    </ClCompile>
    <ClCompile Include="pch.cpp">
      <Filter>Source Files</Filter>
    </ClCompile>
    <ClCompile Include="day1.cpp">
      <Filter>Source Files</Filter>
    </ClCompile>
    <ClCompile Include="day2.cpp">
      <Filter>Source Files</Filter>
    </ClCompile>
    <ClCompile Include="day3.cpp">
      <Filter>Source Files</Filter>
    </ClCompile>
    <ClCompile Include="day4.cpp">
      <Filter>Source Files</Filter>
    </ClCompile>
    <ClCompile Include="day5.cpp">
      <Filter>Source Files</Filter>
    </ClCompile>
    <ClCompile Include="day6.cpp">
      <Filter>Source Files</Filter>
    </ClCompile>
    <ClCompile Include="day7.cpp">
      <Filter>Source Files</Filter>
    </ClCompile>
    <ClCompile Include="template.cpp">
      <Filter>Source Files</Filter>
    </ClCompile>
    <ClCompile Include="day8.cpp">
      <Filter>Source Files</Filter>
    </ClCompile>
    <ClCompile Include="day9.cpp">
      <Filter>Source Files</Filter>
    </ClCompile>
    <ClCompile Include="day10.cpp">
      <Filter>Source Files</Filter>
    </ClCompile>
    <ClCompile Include="day11.cpp">
      <Filter>Source Files</Filter>
    </ClCompile>
    <ClCompile Include="day12.cpp">
      <Filter>Source Files</Filter>
    </ClCompile>
    <ClCompile Include="day13.cpp">
      <Filter>Source Files</Filter>
    </ClCompile>
    <ClCompile Include="day15.cpp">
      <Filter>Source Files</Filter>
    </ClCompile>
    <ClCompile Include="day16.cpp">
      <Filter>Source Files</Filter>
    </ClCompile>
    <ClCompile Include="day17.cpp">
      <Filter>Source Files</Filter>
    </ClCompile>
    <ClCompile Include="day18.cpp">
      <Filter>Source Files</Filter>
    </ClCompile>
    <ClCompile Include="day19.cpp">
      <Filter>Source Files</Filter>
    </ClCompile>
    <ClCompile Include="day20.cpp">
      <Filter>Source Files</Filter>
    </ClCompile>
    <ClCompile Include="day21.cpp">
      <Filter>Source Files</Filter>
    </ClCompile>
    <ClCompile Include="day22.cpp">
      <Filter>Source Files</Filter>
    </ClCompile>
    <ClCompile Include="day23.cpp">
      <Filter>Source Files</Filter>
    </ClCompile>
    <ClCompile Include="day24.cpp">
      <Filter>Source Files</Filter>
    </ClCompile>
  </ItemGroup>
  <ItemGroup>
    <ClInclude Include="harness.h">
      <Filter>Source Files</Filter>
    </ClInclude>
    <ClInclude Include="pch.h">
      <Filter>Source Files</Filter>
    </ClInclude>
    <ClInclude Include="pt2.h">
      <Filter>Source Files</Filter>
    </ClInclude>
    <ClInclude Include="chargrid.h">
      <Filter>Source Files</Filter>
    </ClInclude>
  </ItemGroup>
  <ItemGroup>
    <Text Include="data\day1.txt">
      <Filter>data</Filter>
    </Text>
    <Text Include="data\day2.txt">
      <Filter>data</Filter>
    </Text>
    <Text Include="data\day3.txt">
      <Filter>data</Filter>
    </Text>
    <Text Include="data\day3t.txt">
      <Filter>data</Filter>
    </Text>
    <Text Include="data\day4t.txt">
      <Filter>data</Filter>
    </Text>
    <Text Include="data\day4.txt">
      <Filter>data</Filter>
    </Text>
    <Text Include="data\day5.txt">
      <Filter>data</Filter>
    </Text>
    <Text Include="data\day6.txt">
      <Filter>data</Filter>
    </Text>
    <Text Include="data\day7.txt">
      <Filter>data</Filter>
    </Text>
    <Text Include="data\day8.txt">
      <Filter>data</Filter>
    </Text>
    <Text Include="data\day9.txt">
      <Filter>data</Filter>
    </Text>
    <Text Include="data\day10.txt">
      <Filter>data</Filter>
    </Text>
    <Text Include="data\day11.txt">
      <Filter>data</Filter>
    </Text>
    <Text Include="data\day12.txt">
      <Filter>data</Filter>
    </Text>
  </ItemGroup>
</Project>